// !$*UTF8*$!
{
	archiveVersion = 1;
	classes = {
	};
	objectVersion = 50;
	objects = {

/* Begin PBXBuildFile section */
		9E37FF82244498B300721267 /* Constants.swift in Sources */ = {isa = PBXBuildFile; fileRef = 9E37FF81244498B300721267 /* Constants.swift */; };
		9E44539A244CDA2700A6CAB6 /* MainTabBarController.swift in Sources */ = {isa = PBXBuildFile; fileRef = 9E445399244CDA2700A6CAB6 /* MainTabBarController.swift */; };
		9E44539C244DA2B100A6CAB6 /* BrowseViewController.swift in Sources */ = {isa = PBXBuildFile; fileRef = 9E44539B244DA2B100A6CAB6 /* BrowseViewController.swift */; };
		9E44539E244DA35800A6CAB6 /* Section.swift in Sources */ = {isa = PBXBuildFile; fileRef = 9E44539D244DA35800A6CAB6 /* Section.swift */; };
		9E4453A0244DA37E00A6CAB6 /* Apps.swift in Sources */ = {isa = PBXBuildFile; fileRef = 9E44539F244DA37E00A6CAB6 /* Apps.swift */; };
		9E4453A2244DA39300A6CAB6 /* Bundle-Decodable.swift in Sources */ = {isa = PBXBuildFile; fileRef = 9E4453A1244DA39300A6CAB6 /* Bundle-Decodable.swift */; };
		9E4453A4244DA4A800A6CAB6 /* appstore.json in Resources */ = {isa = PBXBuildFile; fileRef = 9E4453A3244DA4A800A6CAB6 /* appstore.json */; };
		9E4453A6244DA62500A6CAB6 /* SelfConfiguringCell.swift in Sources */ = {isa = PBXBuildFile; fileRef = 9E4453A5244DA62500A6CAB6 /* SelfConfiguringCell.swift */; };
		9E4453A8244DA66B00A6CAB6 /* FeaturedCell.swift in Sources */ = {isa = PBXBuildFile; fileRef = 9E4453A7244DA66B00A6CAB6 /* FeaturedCell.swift */; };
		9E8E088F243B6B3F00CA9AC9 /* AppDelegate.swift in Sources */ = {isa = PBXBuildFile; fileRef = 9E8E088E243B6B3F00CA9AC9 /* AppDelegate.swift */; };
		9E8E0891243B6B3F00CA9AC9 /* SceneDelegate.swift in Sources */ = {isa = PBXBuildFile; fileRef = 9E8E0890243B6B3F00CA9AC9 /* SceneDelegate.swift */; };
		9E8E0898243B6B3F00CA9AC9 /* Main.storyboard in Resources */ = {isa = PBXBuildFile; fileRef = 9E8E0896243B6B3F00CA9AC9 /* Main.storyboard */; };
		9E8E089A243B6B4400CA9AC9 /* Assets.xcassets in Resources */ = {isa = PBXBuildFile; fileRef = 9E8E0899243B6B4400CA9AC9 /* Assets.xcassets */; };
		9E8E08AC243B770900CA9AC9 /* FavoriteViewController.swift in Sources */ = {isa = PBXBuildFile; fileRef = 9E8E08AB243B770900CA9AC9 /* FavoriteViewController.swift */; };
/* End PBXBuildFile section */

/* Begin PBXFileReference section */
		9E37FF81244498B300721267 /* Constants.swift */ = {isa = PBXFileReference; lastKnownFileType = sourcecode.swift; path = Constants.swift; sourceTree = "<group>"; };
		9E445399244CDA2700A6CAB6 /* MainTabBarController.swift */ = {isa = PBXFileReference; lastKnownFileType = sourcecode.swift; path = MainTabBarController.swift; sourceTree = "<group>"; };
		9E44539B244DA2B100A6CAB6 /* BrowseViewController.swift */ = {isa = PBXFileReference; lastKnownFileType = sourcecode.swift; path = BrowseViewController.swift; sourceTree = "<group>"; };
		9E44539D244DA35800A6CAB6 /* Section.swift */ = {isa = PBXFileReference; lastKnownFileType = sourcecode.swift; path = Section.swift; sourceTree = "<group>"; };
		9E44539F244DA37E00A6CAB6 /* Apps.swift */ = {isa = PBXFileReference; lastKnownFileType = sourcecode.swift; path = Apps.swift; sourceTree = "<group>"; };
		9E4453A1244DA39300A6CAB6 /* Bundle-Decodable.swift */ = {isa = PBXFileReference; lastKnownFileType = sourcecode.swift; path = "Bundle-Decodable.swift"; sourceTree = "<group>"; };
		9E4453A3244DA4A800A6CAB6 /* appstore.json */ = {isa = PBXFileReference; lastKnownFileType = text.json; path = appstore.json; sourceTree = "<group>"; };
		9E4453A5244DA62500A6CAB6 /* SelfConfiguringCell.swift */ = {isa = PBXFileReference; lastKnownFileType = sourcecode.swift; path = SelfConfiguringCell.swift; sourceTree = "<group>"; };
		9E4453A7244DA66B00A6CAB6 /* FeaturedCell.swift */ = {isa = PBXFileReference; lastKnownFileType = sourcecode.swift; path = FeaturedCell.swift; sourceTree = "<group>"; };
		9E8E088B243B6B3F00CA9AC9 /* iScore.app */ = {isa = PBXFileReference; explicitFileType = wrapper.application; includeInIndex = 0; path = iScore.app; sourceTree = BUILT_PRODUCTS_DIR; };
		9E8E088E243B6B3F00CA9AC9 /* AppDelegate.swift */ = {isa = PBXFileReference; lastKnownFileType = sourcecode.swift; path = AppDelegate.swift; sourceTree = "<group>"; };
		9E8E0890243B6B3F00CA9AC9 /* SceneDelegate.swift */ = {isa = PBXFileReference; lastKnownFileType = sourcecode.swift; path = SceneDelegate.swift; sourceTree = "<group>"; };
		9E8E0897243B6B3F00CA9AC9 /* Base */ = {isa = PBXFileReference; lastKnownFileType = file.storyboard; name = Base; path = Base.lproj/Main.storyboard; sourceTree = "<group>"; };
		9E8E0899243B6B4400CA9AC9 /* Assets.xcassets */ = {isa = PBXFileReference; lastKnownFileType = folder.assetcatalog; path = Assets.xcassets; sourceTree = "<group>"; };
		9E8E089E243B6B4400CA9AC9 /* Info.plist */ = {isa = PBXFileReference; lastKnownFileType = text.plist.xml; path = Info.plist; sourceTree = "<group>"; };
		9E8E08AB243B770900CA9AC9 /* FavoriteViewController.swift */ = {isa = PBXFileReference; lastKnownFileType = sourcecode.swift; path = FavoriteViewController.swift; sourceTree = "<group>"; };
/* End PBXFileReference section */

/* Begin PBXFrameworksBuildPhase section */
		9E8E0888243B6B3F00CA9AC9 /* Frameworks */ = {
			isa = PBXFrameworksBuildPhase;
			buildActionMask = 2147483647;
			files = (
			);
			runOnlyForDeploymentPostprocessing = 0;
		};
/* End PBXFrameworksBuildPhase section */

/* Begin PBXGroup section */
		9E37FF802444989B00721267 /* Models */ = {
			isa = PBXGroup;
			children = (
				9E37FF8524449AFB00721267 /* Network */,
				9E37FF81244498B300721267 /* Constants.swift */,
			);
			path = Models;
			sourceTree = "<group>";
		};
		9E37FF83244499EF00721267 /* Favorite */ = {
			isa = PBXGroup;
			children = (
				9E8E08AB243B770900CA9AC9 /* FavoriteViewController.swift */,
			);
			path = Favorite;
			sourceTree = "<group>";
		};
		9E37FF84244499F800721267 /* Browse */ = {
			isa = PBXGroup;
			children = (
				9E44539B244DA2B100A6CAB6 /* BrowseViewController.swift */,
				9E4453A7244DA66B00A6CAB6 /* FeaturedCell.swift */,
			);
			path = Browse;
			sourceTree = "<group>";
		};
		9E37FF8524449AFB00721267 /* Network */ = {
			isa = PBXGroup;
			children = (
			);
			path = Network;
			sourceTree = "<group>";
		};
		9E37FF8724449C9F00721267 /* Storyboards */ = {
			isa = PBXGroup;
			children = (
				9E8E0896243B6B3F00CA9AC9 /* Main.storyboard */,
			);
			path = Storyboards;
			sourceTree = "<group>";
		};
		9E37FF892444A26400721267 /* Extentions */ = {
			isa = PBXGroup;
			children = (
			);
			path = Extentions;
			sourceTree = "<group>";
		};
		9E445395244C5FE800A6CAB6 /* Scores */ = {
			isa = PBXGroup;
			children = (
			);
			path = Scores;
			sourceTree = "<group>";
		};
		9E445396244C600900A6CAB6 /* News */ = {
			isa = PBXGroup;
			children = (
			);
			path = News;
			sourceTree = "<group>";
		};
		9E8E0882243B6B3F00CA9AC9 = {
			isa = PBXGroup;
			children = (
				9E8E088D243B6B3F00CA9AC9 /* iScore */,
				9E8E088C243B6B3F00CA9AC9 /* Products */,
			);
			sourceTree = "<group>";
		};
		9E8E088C243B6B3F00CA9AC9 /* Products */ = {
			isa = PBXGroup;
			children = (
				9E8E088B243B6B3F00CA9AC9 /* iScore.app */,
			);
			name = Products;
			sourceTree = "<group>";
		};
		9E8E088D243B6B3F00CA9AC9 /* iScore */ = {
			isa = PBXGroup;
			children = (
				9E37FF892444A26400721267 /* Extentions */,
				9E37FF802444989B00721267 /* Models */,
				9E8E08A4243B6BA700CA9AC9 /* Views */,
				9E8E08A5243B6BC200CA9AC9 /* Controllers */,
				9E37FF8724449C9F00721267 /* Storyboards */,
				9E8E08A6243B6BD400CA9AC9 /* Supporting Files */,
				9E8E0899243B6B4400CA9AC9 /* Assets.xcassets */,
				9E8E088E243B6B3F00CA9AC9 /* AppDelegate.swift */,
				9E8E0890243B6B3F00CA9AC9 /* SceneDelegate.swift */,
				9E445399244CDA2700A6CAB6 /* MainTabBarController.swift */,
				9E8E089E243B6B4400CA9AC9 /* Info.plist */,
				9E44539D244DA35800A6CAB6 /* Section.swift */,
				9E44539F244DA37E00A6CAB6 /* Apps.swift */,
				9E4453A1244DA39300A6CAB6 /* Bundle-Decodable.swift */,
				9E4453A3244DA4A800A6CAB6 /* appstore.json */,
				9E4453A5244DA62500A6CAB6 /* SelfConfiguringCell.swift */,
			);
			path = iScore;
			sourceTree = "<group>";
		};
		9E8E08A4243B6BA700CA9AC9 /* Views */ = {
			isa = PBXGroup;
			children = (
			);
			path = Views;
			sourceTree = "<group>";
		};
		9E8E08A5243B6BC200CA9AC9 /* Controllers */ = {
			isa = PBXGroup;
			children = (
				9E37FF84244499F800721267 /* Browse */,
				9E445395244C5FE800A6CAB6 /* Scores */,
				9E37FF83244499EF00721267 /* Favorite */,
				9E445396244C600900A6CAB6 /* News */,
			);
			path = Controllers;
			sourceTree = "<group>";
		};
		9E8E08A6243B6BD400CA9AC9 /* Supporting Files */ = {
			isa = PBXGroup;
			children = (
			);
			path = "Supporting Files";
			sourceTree = "<group>";
		};
/* End PBXGroup section */

/* Begin PBXNativeTarget section */
		9E8E088A243B6B3F00CA9AC9 /* iScore */ = {
			isa = PBXNativeTarget;
			buildConfigurationList = 9E8E08A1243B6B4400CA9AC9 /* Build configuration list for PBXNativeTarget "iScore" */;
			buildPhases = (
				9E8E0887243B6B3F00CA9AC9 /* Sources */,
				9E8E0888243B6B3F00CA9AC9 /* Frameworks */,
				9E8E0889243B6B3F00CA9AC9 /* Resources */,
			);
			buildRules = (
			);
			dependencies = (
			);
			name = iScore;
			productName = iScore;
			productReference = 9E8E088B243B6B3F00CA9AC9 /* iScore.app */;
			productType = "com.apple.product-type.application";
		};
/* End PBXNativeTarget section */

/* Begin PBXProject section */
		9E8E0883243B6B3F00CA9AC9 /* Project object */ = {
			isa = PBXProject;
			attributes = {
				LastSwiftUpdateCheck = 1140;
				LastUpgradeCheck = 1140;
				ORGANIZATIONNAME = "Vladyslav Lietun";
				TargetAttributes = {
					9E8E088A243B6B3F00CA9AC9 = {
						CreatedOnToolsVersion = 11.4;
					};
				};
			};
			buildConfigurationList = 9E8E0886243B6B3F00CA9AC9 /* Build configuration list for PBXProject "iScore" */;
			compatibilityVersion = "Xcode 9.3";
			developmentRegion = en;
			hasScannedForEncodings = 0;
			knownRegions = (
				en,
				Base,
			);
			mainGroup = 9E8E0882243B6B3F00CA9AC9;
			productRefGroup = 9E8E088C243B6B3F00CA9AC9 /* Products */;
			projectDirPath = "";
			projectRoot = "";
			targets = (
				9E8E088A243B6B3F00CA9AC9 /* iScore */,
			);
		};
/* End PBXProject section */

/* Begin PBXResourcesBuildPhase section */
		9E8E0889243B6B3F00CA9AC9 /* Resources */ = {
			isa = PBXResourcesBuildPhase;
			buildActionMask = 2147483647;
			files = (
				9E8E089A243B6B4400CA9AC9 /* Assets.xcassets in Resources */,
				9E4453A4244DA4A800A6CAB6 /* appstore.json in Resources */,
				9E8E0898243B6B3F00CA9AC9 /* Main.storyboard in Resources */,
			);
			runOnlyForDeploymentPostprocessing = 0;
		};
/* End PBXResourcesBuildPhase section */

/* Begin PBXSourcesBuildPhase section */
		9E8E0887243B6B3F00CA9AC9 /* Sources */ = {
			isa = PBXSourcesBuildPhase;
			buildActionMask = 2147483647;
			files = (
				9E37FF82244498B300721267 /* Constants.swift in Sources */,
				9E8E08AC243B770900CA9AC9 /* FavoriteViewController.swift in Sources */,
				9E44539A244CDA2700A6CAB6 /* MainTabBarController.swift in Sources */,
				9E4453A6244DA62500A6CAB6 /* SelfConfiguringCell.swift in Sources */,
				9E8E088F243B6B3F00CA9AC9 /* AppDelegate.swift in Sources */,
				9E44539E244DA35800A6CAB6 /* Section.swift in Sources */,
				9E4453A0244DA37E00A6CAB6 /* Apps.swift in Sources */,
				9E4453A2244DA39300A6CAB6 /* Bundle-Decodable.swift in Sources */,
				9E4453A8244DA66B00A6CAB6 /* FeaturedCell.swift in Sources */,
				9E8E0891243B6B3F00CA9AC9 /* SceneDelegate.swift in Sources */,
				9E44539C244DA2B100A6CAB6 /* BrowseViewController.swift in Sources */,
			);
			runOnlyForDeploymentPostprocessing = 0;
		};
/* End PBXSourcesBuildPhase section */

/* Begin PBXVariantGroup section */
		9E8E0896243B6B3F00CA9AC9 /* Main.storyboard */ = {
			isa = PBXVariantGroup;
			children = (
				9E8E0897243B6B3F00CA9AC9 /* Base */,
			);
			name = Main.storyboard;
			sourceTree = "<group>";
		};
/* End PBXVariantGroup section */

/* Begin XCBuildConfiguration section */
		9E8E089F243B6B4400CA9AC9 /* Debug */ = {
			isa = XCBuildConfiguration;
			buildSettings = {
				ALWAYS_SEARCH_USER_PATHS = NO;
				CLANG_ANALYZER_NONNULL = YES;
				CLANG_ANALYZER_NUMBER_OBJECT_CONVERSION = YES_AGGRESSIVE;
				CLANG_CXX_LANGUAGE_STANDARD = "gnu++14";
				CLANG_CXX_LIBRARY = "libc++";
				CLANG_ENABLE_MODULES = YES;
				CLANG_ENABLE_OBJC_ARC = YES;
				CLANG_ENABLE_OBJC_WEAK = YES;
				CLANG_WARN_BLOCK_CAPTURE_AUTORELEASING = YES;
				CLANG_WARN_BOOL_CONVERSION = YES;
				CLANG_WARN_COMMA = YES;
				CLANG_WARN_CONSTANT_CONVERSION = YES;
				CLANG_WARN_DEPRECATED_OBJC_IMPLEMENTATIONS = YES;
				CLANG_WARN_DIRECT_OBJC_ISA_USAGE = YES_ERROR;
				CLANG_WARN_DOCUMENTATION_COMMENTS = YES;
				CLANG_WARN_EMPTY_BODY = YES;
				CLANG_WARN_ENUM_CONVERSION = YES;
				CLANG_WARN_INFINITE_RECURSION = YES;
				CLANG_WARN_INT_CONVERSION = YES;
				CLANG_WARN_NON_LITERAL_NULL_CONVERSION = YES;
				CLANG_WARN_OBJC_IMPLICIT_RETAIN_SELF = YES;
				CLANG_WARN_OBJC_LITERAL_CONVERSION = YES;
				CLANG_WARN_OBJC_ROOT_CLASS = YES_ERROR;
				CLANG_WARN_RANGE_LOOP_ANALYSIS = YES;
				CLANG_WARN_STRICT_PROTOTYPES = YES;
				CLANG_WARN_SUSPICIOUS_MOVE = YES;
				CLANG_WARN_UNGUARDED_AVAILABILITY = YES_AGGRESSIVE;
				CLANG_WARN_UNREACHABLE_CODE = YES;
				CLANG_WARN__DUPLICATE_METHOD_MATCH = YES;
				COPY_PHASE_STRIP = NO;
				DEBUG_INFORMATION_FORMAT = dwarf;
				ENABLE_STRICT_OBJC_MSGSEND = YES;
				ENABLE_TESTABILITY = YES;
				GCC_C_LANGUAGE_STANDARD = gnu11;
				GCC_DYNAMIC_NO_PIC = NO;
				GCC_NO_COMMON_BLOCKS = YES;
				GCC_OPTIMIZATION_LEVEL = 0;
				GCC_PREPROCESSOR_DEFINITIONS = (
					"DEBUG=1",
					"$(inherited)",
				);
				GCC_WARN_64_TO_32_BIT_CONVERSION = YES;
				GCC_WARN_ABOUT_RETURN_TYPE = YES_ERROR;
				GCC_WARN_UNDECLARED_SELECTOR = YES;
				GCC_WARN_UNINITIALIZED_AUTOS = YES_AGGRESSIVE;
				GCC_WARN_UNUSED_FUNCTION = YES;
				GCC_WARN_UNUSED_VARIABLE = YES;
				IPHONEOS_DEPLOYMENT_TARGET = 13.4;
				MTL_ENABLE_DEBUG_INFO = INCLUDE_SOURCE;
				MTL_FAST_MATH = YES;
				ONLY_ACTIVE_ARCH = YES;
				SDKROOT = iphoneos;
				SWIFT_ACTIVE_COMPILATION_CONDITIONS = DEBUG;
				SWIFT_OPTIMIZATION_LEVEL = "-Onone";
			};
			name = Debug;
		};
		9E8E08A0243B6B4400CA9AC9 /* Release */ = {
			isa = XCBuildConfiguration;
			buildSettings = {
				ALWAYS_SEARCH_USER_PATHS = NO;
				CLANG_ANALYZER_NONNULL = YES;
				CLANG_ANALYZER_NUMBER_OBJECT_CONVERSION = YES_AGGRESSIVE;
				CLANG_CXX_LANGUAGE_STANDARD = "gnu++14";
				CLANG_CXX_LIBRARY = "libc++";
				CLANG_ENABLE_MODULES = YES;
				CLANG_ENABLE_OBJC_ARC = YES;
				CLANG_ENABLE_OBJC_WEAK = YES;
				CLANG_WARN_BLOCK_CAPTURE_AUTORELEASING = YES;
				CLANG_WARN_BOOL_CONVERSION = YES;
				CLANG_WARN_COMMA = YES;
				CLANG_WARN_CONSTANT_CONVERSION = YES;
				CLANG_WARN_DEPRECATED_OBJC_IMPLEMENTATIONS = YES;
				CLANG_WARN_DIRECT_OBJC_ISA_USAGE = YES_ERROR;
				CLANG_WARN_DOCUMENTATION_COMMENTS = YES;
				CLANG_WARN_EMPTY_BODY = YES;
				CLANG_WARN_ENUM_CONVERSION = YES;
				CLANG_WARN_INFINITE_RECURSION = YES;
				CLANG_WARN_INT_CONVERSION = YES;
				CLANG_WARN_NON_LITERAL_NULL_CONVERSION = YES;
				CLANG_WARN_OBJC_IMPLICIT_RETAIN_SELF = YES;
				CLANG_WARN_OBJC_LITERAL_CONVERSION = YES;
				CLANG_WARN_OBJC_ROOT_CLASS = YES_ERROR;
				CLANG_WARN_RANGE_LOOP_ANALYSIS = YES;
				CLANG_WARN_STRICT_PROTOTYPES = YES;
				CLANG_WARN_SUSPICIOUS_MOVE = YES;
				CLANG_WARN_UNGUARDED_AVAILABILITY = YES_AGGRESSIVE;
				CLANG_WARN_UNREACHABLE_CODE = YES;
				CLANG_WARN__DUPLICATE_METHOD_MATCH = YES;
				COPY_PHASE_STRIP = NO;
				DEBUG_INFORMATION_FORMAT = "dwarf-with-dsym";
				ENABLE_NS_ASSERTIONS = NO;
				ENABLE_STRICT_OBJC_MSGSEND = YES;
				GCC_C_LANGUAGE_STANDARD = gnu11;
				GCC_NO_COMMON_BLOCKS = YES;
				GCC_WARN_64_TO_32_BIT_CONVERSION = YES;
				GCC_WARN_ABOUT_RETURN_TYPE = YES_ERROR;
				GCC_WARN_UNDECLARED_SELECTOR = YES;
				GCC_WARN_UNINITIALIZED_AUTOS = YES_AGGRESSIVE;
				GCC_WARN_UNUSED_FUNCTION = YES;
				GCC_WARN_UNUSED_VARIABLE = YES;
				IPHONEOS_DEPLOYMENT_TARGET = 13.4;
				MTL_ENABLE_DEBUG_INFO = NO;
				MTL_FAST_MATH = YES;
				SDKROOT = iphoneos;
				SWIFT_COMPILATION_MODE = wholemodule;
				SWIFT_OPTIMIZATION_LEVEL = "-O";
				VALIDATE_PRODUCT = YES;
			};
			name = Release;
		};
		9E8E08A2243B6B4400CA9AC9 /* Debug */ = {
			isa = XCBuildConfiguration;
			buildSettings = {
				ASSETCATALOG_COMPILER_APPICON_NAME = AppIcon;
				CODE_SIGN_STYLE = Automatic;
				DEVELOPMENT_TEAM = YAN4DT9JX2;
				INFOPLIST_FILE = iScore/Info.plist;
				LD_RUNPATH_SEARCH_PATHS = (
					"$(inherited)",
					"@executable_path/Frameworks",
				);
				PRODUCT_BUNDLE_IDENTIFIER = Lietun.iScore;
				PRODUCT_NAME = "$(TARGET_NAME)";
				SWIFT_VERSION = 5.0;
				TARGETED_DEVICE_FAMILY = 1;
			};
			name = Debug;
		};
		9E8E08A3243B6B4400CA9AC9 /* Release */ = {
			isa = XCBuildConfiguration;
			buildSettings = {
				ASSETCATALOG_COMPILER_APPICON_NAME = AppIcon;
				CODE_SIGN_STYLE = Automatic;
				DEVELOPMENT_TEAM = YAN4DT9JX2;
				INFOPLIST_FILE = iScore/Info.plist;
				LD_RUNPATH_SEARCH_PATHS = (
					"$(inherited)",
					"@executable_path/Frameworks",
				);
				PRODUCT_BUNDLE_IDENTIFIER = Lietun.iScore;
				PRODUCT_NAME = "$(TARGET_NAME)";
				SWIFT_VERSION = 5.0;
				TARGETED_DEVICE_FAMILY = 1;
			};
			name = Release;
		};
/* End XCBuildConfiguration section */

/* Begin XCConfigurationList section */
		9E8E0886243B6B3F00CA9AC9 /* Build configuration list for PBXProject "iScore" */ = {
			isa = XCConfigurationList;
			buildConfigurations = (
				9E8E089F243B6B4400CA9AC9 /* Debug */,
				9E8E08A0243B6B4400CA9AC9 /* Release */,
			);
			defaultConfigurationIsVisible = 0;
			defaultConfigurationName = Release;
		};
		9E8E08A1243B6B4400CA9AC9 /* Build configuration list for PBXNativeTarget "iScore" */ = {
			isa = XCConfigurationList;
			buildConfigurations = (
				9E8E08A2243B6B4400CA9AC9 /* Debug */,
				9E8E08A3243B6B4400CA9AC9 /* Release */,
			);
			defaultConfigurationIsVisible = 0;
			defaultConfigurationName = Release;
		};
/* End XCConfigurationList section */
	};
	rootObject = 9E8E0883243B6B3F00CA9AC9 /* Project object */;
}
